
Microsoft Visual Studio Solution File, Format Version 11.00
# Visual Studio 2010
Project("{F2A71F9B-5D33-465A-A702-920D77279786}") = "Filbert", "Filbert\Filbert.fsproj", "{4FB6FF84-1EAB-42A8-856A-97E11CD17591}"
EndProject
Project("{F2A71F9B-5D33-465A-A702-920D77279786}") = "Filbert.Tests", "Filbert.Tests\Filbert.Tests.fsproj", "{AC45F9E9-EF2F-456C-9E59-5FBEBAD4649F}"
EndProject
Project("{F2A71F9B-5D33-465A-A702-920D77279786}") = "Filbert.Example", "Filbert.Example\Filbert.Example.fsproj", "{9F967B84-10C5-4C76-B03D-35F7DCF4DBA5}"
EndProject
Global
	GlobalSection(SolutionConfigurationPlatforms) = preSolution
		Debug|Any CPU = Debug|Any CPU
		Debug|Mixed Platforms = Debug|Mixed Platforms
		Debug|x86 = Debug|x86
		Release|Any CPU = Release|Any CPU
		Release|Mixed Platforms = Release|Mixed Platforms
		Release|x86 = Release|x86
	EndGlobalSection
	GlobalSection(ProjectConfigurationPlatforms) = postSolution
		{4FB6FF84-1EAB-42A8-856A-97E11CD17591}.Debug|Any CPU.ActiveCfg = Debug|Any CPU
		{4FB6FF84-1EAB-42A8-856A-97E11CD17591}.Debug|Any CPU.Build.0 = Debug|Any CPU
		{4FB6FF84-1EAB-42A8-856A-97E11CD17591}.Debug|Mixed Platforms.ActiveCfg = Debug|Any CPU
		{4FB6FF84-1EAB-42A8-856A-97E11CD17591}.Debug|Mixed Platforms.Build.0 = Debug|Any CPU
		{4FB6FF84-1EAB-42A8-856A-97E11CD17591}.Debug|x86.ActiveCfg = Debug|Any CPU
		{4FB6FF84-1EAB-42A8-856A-97E11CD17591}.Release|Any CPU.ActiveCfg = Release|Any CPU
		{4FB6FF84-1EAB-42A8-856A-97E11CD17591}.Release|Any CPU.Build.0 = Release|Any CPU
		{4FB6FF84-1EAB-42A8-856A-97E11CD17591}.Release|Mixed Platforms.ActiveCfg = Release|Any CPU
		{4FB6FF84-1EAB-42A8-856A-97E11CD17591}.Release|Mixed Platforms.Build.0 = Release|Any CPU
		{4FB6FF84-1EAB-42A8-856A-97E11CD17591}.Release|x86.ActiveCfg = Release|Any CPU
		{AC45F9E9-EF2F-456C-9E59-5FBEBAD4649F}.Debug|Any CPU.ActiveCfg = Debug|Any CPU
		{AC45F9E9-EF2F-456C-9E59-5FBEBAD4649F}.Debug|Any CPU.Build.0 = Debug|Any CPU
		{AC45F9E9-EF2F-456C-9E59-5FBEBAD4649F}.Debug|Mixed Platforms.ActiveCfg = Debug|Any CPU
		{AC45F9E9-EF2F-456C-9E59-5FBEBAD4649F}.Debug|Mixed Platforms.Build.0 = Debug|Any CPU
		{AC45F9E9-EF2F-456C-9E59-5FBEBAD4649F}.Debug|x86.ActiveCfg = Debug|Any CPU
		{AC45F9E9-EF2F-456C-9E59-5FBEBAD4649F}.Release|Any CPU.ActiveCfg = Release|Any CPU
		{AC45F9E9-EF2F-456C-9E59-5FBEBAD4649F}.Release|Any CPU.Build.0 = Release|Any CPU
		{AC45F9E9-EF2F-456C-9E59-5FBEBAD4649F}.Release|Mixed Platforms.ActiveCfg = Release|Any CPU
		{AC45F9E9-EF2F-456C-9E59-5FBEBAD4649F}.Release|Mixed Platforms.Build.0 = Release|Any CPU
		{AC45F9E9-EF2F-456C-9E59-5FBEBAD4649F}.Release|x86.ActiveCfg = Release|Any CPU
		{9F967B84-10C5-4C76-B03D-35F7DCF4DBA5}.Debug|Any CPU.ActiveCfg = Debug|x86
		{9F967B84-10C5-4C76-B03D-35F7DCF4DBA5}.Debug|Mixed Platforms.ActiveCfg = Debug|x86
		{9F967B84-10C5-4C76-B03D-35F7DCF4DBA5}.Debug|Mixed Platforms.Build.0 = Debug|x86
		{9F967B84-10C5-4C76-B03D-35F7DCF4DBA5}.Debug|x86.ActiveCfg = Debug|x86
		{9F967B84-10C5-4C76-B03D-35F7DCF4DBA5}.Debug|x86.Build.0 = Debug|x86
		{9F967B84-10C5-4C76-B03D-35F7DCF4DBA5}.Release|Any CPU.ActiveCfg = Release|x86
		{9F967B84-10C5-4C76-B03D-35F7DCF4DBA5}.Release|Mixed Platforms.ActiveCfg = Release|x86
		{9F967B84-10C5-4C76-B03D-35F7DCF4DBA5}.Release|Mixed Platforms.Build.0 = Release|x86
		{9F967B84-10C5-4C76-B03D-35F7DCF4DBA5}.Release|x86.ActiveCfg = Release|x86
		{9F967B84-10C5-4C76-B03D-35F7DCF4DBA5}.Release|x86.Build.0 = Release|x86
	EndGlobalSection
	GlobalSection(SolutionProperties) = preSolution
		HideSolutionNode = FALSE
	EndGlobalSection
EndGlobal
