
Microsoft Visual Studio Solution File, Format Version 11.00
# Visual Studio 2010
Project("{F2A71F9B-5D33-465A-A702-920D77279786}") = "Filbert", "Filbert\Filbert.fsproj", "{4FB6FF84-1EAB-42A8-856A-97E11CD17591}"
EndProject
Project("{F2A71F9B-5D33-465A-A702-920D77279786}") = "Filbert.Tests", "Filbert.Tests\Filbert.Tests.fsproj", "{AC45F9E9-EF2F-456C-9E59-5FBEBAD4649F}"
EndProject
Global
	GlobalSection(SolutionConfigurationPlatforms) = preSolution
		Debug|Any CPU = Debug|Any CPU
		Release|Any CPU = Release|Any CPU
	EndGlobalSection
	GlobalSection(ProjectConfigurationPlatforms) = postSolution
		{4FB6FF84-1EAB-42A8-856A-97E11CD17591}.Debug|Any CPU.ActiveCfg = Debug|Any CPU
		{4FB6FF84-1EAB-42A8-856A-97E11CD17591}.Debug|Any CPU.Build.0 = Debug|Any CPU
		{4FB6FF84-1EAB-42A8-856A-97E11CD17591}.Release|Any CPU.ActiveCfg = Release|Any CPU
		{4FB6FF84-1EAB-42A8-856A-97E11CD17591}.Release|Any CPU.Build.0 = Release|Any CPU
		{AC45F9E9-EF2F-456C-9E59-5FBEBAD4649F}.Debug|Any CPU.ActiveCfg = Debug|Any CPU
		{AC45F9E9-EF2F-456C-9E59-5FBEBAD4649F}.Debug|Any CPU.Build.0 = Debug|Any CPU
		{AC45F9E9-EF2F-456C-9E59-5FBEBAD4649F}.Release|Any CPU.ActiveCfg = Release|Any CPU
		{AC45F9E9-EF2F-456C-9E59-5FBEBAD4649F}.Release|Any CPU.Build.0 = Release|Any CPU
	EndGlobalSection
	GlobalSection(SolutionProperties) = preSolution
		HideSolutionNode = FALSE
	EndGlobalSection
EndGlobal
